
Microsoft Visual Studio Solution File, Format Version 12.00
# Visual Studio Version 16
VisualStudioVersion = 16.0.31515.178
MinimumVisualStudioVersion = 10.0.40219.1
Project("{8BC9CEB8-8B4A-11D0-8D11-00A0C91BC942}") = "testregex", "testregex\testregex.vcxproj", "{0809C4B8-2708-4F28-8750-F56FF569BE42}"
EndProject
Global
	GlobalSection(SolutionConfigurationPlatforms) = preSolution
		Debug|x64 = Debug|x64
		Debug|x86 = Debug|x86
		Release|x64 = Release|x64
		Release|x86 = Release|x86
	EndGlobalSection
	GlobalSection(ProjectConfigurationPlatforms) = postSolution
		{0809C4B8-2708-4F28-8750-F56FF569BE42}.Debug|x64.ActiveCfg = Debug|x64
		{0809C4B8-2708-4F28-8750-F56FF569BE42}.Debug|x64.Build.0 = Debug|x64
		{0809C4B8-2708-4F28-8750-F56FF569BE42}.Debug|x86.ActiveCfg = Debug|Win32
		{0809C4B8-2708-4F28-8750-F56FF569BE42}.Debug|x86.Build.0 = Debug|Win32
		{0809C4B8-2708-4F28-8750-F56FF569BE42}.Release|x64.ActiveCfg = Release|x64
		{0809C4B8-2708-4F28-8750-F56FF569BE42}.Release|x64.Build.0 = Release|x64
		{0809C4B8-2708-4F28-8750-F56FF569BE42}.Release|x86.ActiveCfg = Release|Win32
		{0809C4B8-2708-4F28-8750-F56FF569BE42}.Release|x86.Build.0 = Release|Win32
	EndGlobalSection
	GlobalSection(SolutionProperties) = preSolution
		HideSolutionNode = FALSE
	EndGlobalSection
	GlobalSection(ExtensibilityGlobals) = postSolution
		SolutionGuid = {1DF6A4A1-BA4F-497E-828F-9D39F333DE3C}
	EndGlobalSection
EndGlobal
