
Microsoft Visual Studio Solution File, Format Version 10.00
# Visual C++ Express 2008
Project("{8BC9CEB8-8B4A-11D0-8D11-00A0C91BC942}") = "seteveryonetofile", "seteveryonetofile\seteveryonetofile.vcproj", "{F8463B65-CBC4-437F-A8C2-D3E2FE5A4C34}"
EndProject
Global
	GlobalSection(SolutionConfigurationPlatforms) = preSolution
		Debug|Win32 = Debug|Win32
		Release|Win32 = Release|Win32
	EndGlobalSection
	GlobalSection(ProjectConfigurationPlatforms) = postSolution
		{F8463B65-CBC4-437F-A8C2-D3E2FE5A4C34}.Debug|Win32.ActiveCfg = Debug|Win32
		{F8463B65-CBC4-437F-A8C2-D3E2FE5A4C34}.Debug|Win32.Build.0 = Debug|Win32
		{F8463B65-CBC4-437F-A8C2-D3E2FE5A4C34}.Release|Win32.ActiveCfg = Release|Win32
		{F8463B65-CBC4-437F-A8C2-D3E2FE5A4C34}.Release|Win32.Build.0 = Release|Win32
	EndGlobalSection
	GlobalSection(SolutionProperties) = preSolution
		HideSolutionNode = FALSE
	EndGlobalSection
EndGlobal
