
Microsoft Visual Studio Solution File, Format Version 12.00
# Visual Studio Version 16
VisualStudioVersion = 16.0.30114.105
MinimumVisualStudioVersion = 10.0.40219.1
Project("{8BC9CEB8-8B4A-11D0-8D11-00A0C91BC942}") = "3-betterperson", "3-betterperson\3-betterperson.vcxproj", "{0BA32293-8B6F-4A6D-8BD2-9799603F7550}"
EndProject
Global
	GlobalSection(SolutionConfigurationPlatforms) = preSolution
		Debug|x64 = Debug|x64
		Debug|x86 = Debug|x86
		Release|x64 = Release|x64
		Release|x86 = Release|x86
	EndGlobalSection
	GlobalSection(ProjectConfigurationPlatforms) = postSolution
		{0BA32293-8B6F-4A6D-8BD2-9799603F7550}.Debug|x64.ActiveCfg = Debug|x64
		{0BA32293-8B6F-4A6D-8BD2-9799603F7550}.Debug|x64.Build.0 = Debug|x64
		{0BA32293-8B6F-4A6D-8BD2-9799603F7550}.Debug|x86.ActiveCfg = Debug|Win32
		{0BA32293-8B6F-4A6D-8BD2-9799603F7550}.Debug|x86.Build.0 = Debug|Win32
		{0BA32293-8B6F-4A6D-8BD2-9799603F7550}.Release|x64.ActiveCfg = Release|x64
		{0BA32293-8B6F-4A6D-8BD2-9799603F7550}.Release|x64.Build.0 = Release|x64
		{0BA32293-8B6F-4A6D-8BD2-9799603F7550}.Release|x86.ActiveCfg = Release|Win32
		{0BA32293-8B6F-4A6D-8BD2-9799603F7550}.Release|x86.Build.0 = Release|Win32
	EndGlobalSection
	GlobalSection(SolutionProperties) = preSolution
		HideSolutionNode = FALSE
	EndGlobalSection
	GlobalSection(ExtensibilityGlobals) = postSolution
		SolutionGuid = {8FE7D0CE-CA35-488F-AC80-CC9C8431B9E2}
	EndGlobalSection
EndGlobal
